
Microsoft Visual Studio Solution File, Format Version 12.00
# Visual Studio Version 17
VisualStudioVersion = 17.4.33122.133
MinimumVisualStudioVersion = 10.0.40219.1
Project("{FAE04EC0-301F-11D3-BF4B-00C04F79EFBC}") = "bitak-api", "bitak-api\bitak-api.csproj", "{38255D65-87FC-469D-8309-4D8591C06D4B}"
EndProject
Global
	GlobalSection(SolutionConfigurationPlatforms) = preSolution
		Debug|Any CPU = Debug|Any CPU
		Release|Any CPU = Release|Any CPU
	EndGlobalSection
	GlobalSection(ProjectConfigurationPlatforms) = postSolution
		{38255D65-87FC-469D-8309-4D8591C06D4B}.Debug|Any CPU.ActiveCfg = Debug|Any CPU
		{38255D65-87FC-469D-8309-4D8591C06D4B}.Debug|Any CPU.Build.0 = Debug|Any CPU
		{38255D65-87FC-469D-8309-4D8591C06D4B}.Release|Any CPU.ActiveCfg = Release|Any CPU
		{38255D65-87FC-469D-8309-4D8591C06D4B}.Release|Any CPU.Build.0 = Release|Any CPU
	EndGlobalSection
	GlobalSection(SolutionProperties) = preSolution
		HideSolutionNode = FALSE
	EndGlobalSection
	GlobalSection(ExtensibilityGlobals) = postSolution
		SolutionGuid = {02674347-CCFE-4AA9-810C-F07299182B09}
	EndGlobalSection
EndGlobal
